
Microsoft Visual Studio Solution File, Format Version 12.00
# Visual Studio Version 17
VisualStudioVersion = 17.13.35931.197 d17.13
MinimumVisualStudioVersion = 10.0.40219.1
Project("{FAE04EC0-301F-11D3-BF4B-00C04F79EFBC}") = "Woodic", "Woodic.csproj", "{2C1AD401-FF2B-4929-ACD2-CBF56F97D9EE}"
EndProject
Global
	GlobalSection(SolutionConfigurationPlatforms) = preSolution
		Debug|Any CPU = Debug|Any CPU
		Release|Any CPU = Release|Any CPU
	EndGlobalSection
	GlobalSection(ProjectConfigurationPlatforms) = postSolution
		{2C1AD401-FF2B-4929-ACD2-CBF56F97D9EE}.Debug|Any CPU.ActiveCfg = Debug|Any CPU
		{2C1AD401-FF2B-4929-ACD2-CBF56F97D9EE}.Debug|Any CPU.Build.0 = Debug|Any CPU
		{2C1AD401-FF2B-4929-ACD2-CBF56F97D9EE}.Release|Any CPU.ActiveCfg = Release|Any CPU
		{2C1AD401-FF2B-4929-ACD2-CBF56F97D9EE}.Release|Any CPU.Build.0 = Release|Any CPU
	EndGlobalSection
	GlobalSection(SolutionProperties) = preSolution
		HideSolutionNode = FALSE
	EndGlobalSection
	GlobalSection(ExtensibilityGlobals) = postSolution
		SolutionGuid = {08A09107-5F74-48CC-8216-72D69F8B472A}
	EndGlobalSection
EndGlobal
